github.com/aristanetworks/goarista v0.0.0-20190628180533-8e7d5b18fe7a h1:AtHySZzzzJyE9NDlY3MNxkR12HsSxE1QmntYzuc0uEw=
github.com/aristanetworks/goarista v0.0.0-20190628180533-8e7d5b18fe7a/go.mod h1:D/tb0zPVXnP7fmsLZjtdUhSsumbK/ij54UXjjVgMGxQ=
github.com/davecgh/go-spew v1.1.0/go.mod h1:J7Y8YcW2NihsgmVo/mv3lAwl/skON4iLHjSsI+c5H38=
github.com/davecgh/go-spew v1.1.1/go.mod h1:J7Y8YcW2NihsgmVo/mv3lAwl/skON4iLHjSsI+c5H38=
github.com/detailyang/go-fallocate v0.0.0-20180908115635-432fa640bd2e h1:lj77EKYUpYXTd8CD/+QMIf8b6OIOTsfEBSXiAzuEHTU=
github.com/detailyang/go-fallocate v0.0.0-20180908115635-432fa640bd2e/go.mod h1:3ZQK6DMPSz/QZ73jlWxBtUhNA8xZx7LzUFSq/OfP8vk=
github.com/dsnet/golib/unitconv v0.0.0-20190531212259-571cdbcff553/go.mod h1:86KTUtTJFLreKjc4sS9xE0rhj4lR44Ox0rEQSEXSWwM=
github.com/dustin/go-humanize v1.0.0/go.mod h1:HtrtbFcZ19U5GC7JDqmcUSB87Iq5E25KnS6fMYU6eOk=
github.com/efarrer/iothrottler v0.0.0-20141121142253-60e7e547c7fe h1:WAx1vRufH0I2pTWldQkXPzpc+jndCOi2FH334LFQ1PI=
github.com/efarrer/iothrottler v0.0.0-20141121142253-60e7e547c7fe/go.mod h1:zjXkUoNEq44qYz/1TlzBhN2W21rDU3HvDBiJWQAZTq8=
github.com/getlantern/context v0.0.0-20190109183933-c447772a6520 h1:NRUJuo3v3WGC/g5YiyF790gut6oQr5f3FBI88Wv0dx4=
github.com/getlantern/context v0.0.0-20190109183933-c447772a6520/go.mod h1:L+mq6/vvYHKjCX2oez0CgEAJmbq1fbb/oNJIWQkBybY=
github.com/getlantern/errors v0.0.0-20190325191628-abdb3e3e36f7 h1:6uJ+sZ/e03gkbqZ0kUG6mfKoqDb4XMAzMIwlajq19So=
github.com/getlantern/errors v0.0.0-20190325191628-abdb3e3e36f7/go.mod h1:l+xpFBrCtDLpK9qNjxs+cHU6+BAdlBaxHqikB6Lku3A=
github.com/getlantern/fdcount v0.0.0-20170105153814-6a6cb5839bc5/go.mod h1:XZwE+iIlAgr64OFbXKFNCllBwV4wEipPx8Hlo2gZdbM=
github.com/getlantern/golog v0.0.0-20170508214112-cca714f7feb5 h1:Okd7vkn9CfIgDBj1ST/vtBTCfD/kxIhYD412K+FRKPc=
github.com/getlantern/golog v0.0.0-20170508214112-cca714f7feb5/go.mod h1:Vwx1Cg64gCdIalad44uvQsKZw6LsVczIKZrUBStEjVw=
github.com/getlantern/hex v0.0.0-20190417191902-c6586a6fe0b7 h1:micT5vkcr9tOVk1FiH8SWKID8ultN44Z+yzd2y/Vyb0=
github.com/getlantern/hex v0.0.0-20190417191902-c6586a6fe0b7/go.mod h1:dD3CgOrwlzca8ed61CsZouQS5h5jIzkK9ZWrTcf0s+o=
github.com/getlantern/hidden v0.0.0-20190325191715-f02dbb02be55 h1:XYzSdCbkzOC0FDNrgJqGRo8PCMFOBFL9py72DRs7bmc=
github.com/getlantern/hidden v0.0.0-20190325191715-f02dbb02be55/go.mod h1:6mmzY2kW1TOOrVy+r41Za2MxXM+hhqTtY3oBKd2AgFA=
github.com/getlantern/idletiming v0.0.0-20190529182719-d2fbc83372a5 h1:laM1s/bxUH8xbbC9TBGWsOc7A0KCAPZMa4pdwO5e6Vw=
github.com/getlantern/idletiming v0.0.0-20190529182719-d2fbc83372a5/go.mod h1:MGP8kEgZGgAhvHISt0hJGQgxg/VAqGdw3+kSZBnfC/4=
github.com/getlantern/mockconn v0.0.0-20190403061815-a8ffa60494a6/go.mod h1:+F5GJ7qGpQ03DBtcOEyQpM30ix4BLswdaojecFtsdy8=
github.com/getlantern/mtime v0.0.0-20170117193331-ba114e4a82b0 h1:1VNkP55LM/W2IwWN+qi+5X3gZcEQHfj8X9E+FNxVgM4=
github.com/getlantern/mtime v0.0.0-20170117193331-ba114e4a82b0/go.mod h1:u537FS7ld4Whf7h7/0ql/myAudWWBNgeRhgE9XXH4Pk=
github.com/getlantern/netx v0.0.0-20190110220209-9912de6f94fd h1:mn98vs69Kqw56iKhR82mjk16Q1q5aDFFW0E89/QbXkQ=
github.com/getlantern/netx v0.0.0-20190110220209-9912de6f94fd/go.mod h1:wKdY0ikOgzrWSeB9UyBVKPRhjXQ+vTb+BPeJuypUuNE=
github.com/getlantern/ops v0.0.0-20190325191751-d70cb0d6f85f h1:wrYrQttPS8FHIRSlsrcuKazukx/xqO/PpLZzZXsF+EA=
github.com/getlantern/ops v0.0.0-20190325191751-d70cb0d6f85f/go.mod h1:D5ao98qkA6pxftxoqzibIBBrLSUli+kYnJqrgBf9cIA=
github.com/go-stack/stack v1.8.0 h1:5SgMzNM5HxrEjV0ww2lTmX6E2Izsfxas4+YHWRs3Lsk=
github.com/go-stack/stack v1.8.0/go.mod h1:v0f6uXyyMGvRgIKkXu+yp6POWl0qKG85gN/melR3HDY=
github.com/gogits/chardet v0.0.0-20150115103509-2404f7772561 h1:deE7ritpK04PgtpyVOS2TYcQEld9qLCD5b5EbVNOuLA=
github.com/gogits/chardet v0.0.0-20150115103509-2404f7772561/go.mod h1:YgYOrVn3Nj9Tq0EvjmFbphRytDj7JNRoWSStJZWDJTQ=
github.com/google/go-cmp v0.3.0/go.mod h1:8QqcDgzrUqlUb/G2PQTWiueGozuR1884gddMywk6iLU=
github.com/itchio/arkive v0.0.0-20180910214514-fc46d4d216ca/go.mod h1:AsMFt+VBCAYG/iC+CGwl1QVas0r8ogUn69kJkf96rLE=
github.com/itchio/arkive v0.0.0-20190702114012-1bb6c7241ec3 h1:UcZnU7qzWTmZf8v7F3mC79H98I0b77pZz+99vqHFwtI=
github.com/itchio/arkive v0.0.0-20190702114012-1bb6c7241ec3/go.mod h1:/MAMeMlpquFOD0/pXvk5+2uxV9S6UXcdj6YtesJWPAI=
github.com/itchio/dskompress v0.0.0-20190702113811-5e6f499be697/go.mod h1:clqOV8HXYpbDC3Bzia6urYIkfgwP1FnDr/C0q8KELmo=
github.com/itchio/go-brotli v0.0.0-20190702114328-3f28d645a45c/go.mod h1:oRXh43p/JW9kWosasd+2kHfDpb1ec4m7YrZ5E39s1iI=
github.com/itchio/headway v0.0.0-20190702175331-a4c65c5306de h1:RQW9xPqYtvjdHHRZR95XsaEA9B4URCuNHK78IuJcc+Y=
github.com/itchio/headway v0.0.0-20190702175331-a4c65c5306de/go.mod h1:Iif+7HeesRB0PvTYf0gOIFX8lj0za0SUsWryENQYt1E=
github.com/itchio/headway v0.0.0-20191015112415-46f64dd4d524 h1:eROPirGQCZXnzRiwJw3bOE4OB5CctMF+zsnH91bmv9o=
github.com/itchio/headway v0.0.0-20191015112415-46f64dd4d524/go.mod h1:Iif+7HeesRB0PvTYf0gOIFX8lj0za0SUsWryENQYt1E=
github.com/itchio/httpkit v0.0.0-20190702184704-639fe5edf1f1 h1:mViP/A8hAP04YWbbZR7Kcm7rTkUeT2HLcn3BBiK+CwM=
github.com/itchio/httpkit v0.0.0-20190702184704-639fe5edf1f1/go.mod h1:l+oRs+N4hTtMdh1Nv9HipY8cvkv77HUpw3LHoJ78HAA=
github.com/itchio/kompress v0.0.0-20190702090658-5e2558a00102 h1:QXEwRXrrx+7CxU+Y+G4GpDk4mUeHbP7grMXHhydk8qU=
github.com/itchio/kompress v0.0.0-20190702090658-5e2558a00102/go.mod h1:YEdp1gs/LrGWRcZwYkw7MXli8lIcApwk6fgkAR+3moI=
github.com/itchio/ox v0.0.0-20190925154941-b613e528fc7d h1:EcmVffUYduCSFCEM12YpSXoVXvyeq8Ro4Q+rwc60TIo=
github.com/itchio/ox v0.0.0-20190925154941-b613e528fc7d/go.mod h1:OkOgnS4mtvTl2n9S65jTihpuQJxeldLBA/x3QSFHQFQ=
github.com/itchio/randsource v0.0.0-20190702184213-a7635a4cb94b/go.mod h1:lKWkyaS6DHSVoxVLw7mIeD+po2Kvwv1Hiy8+7VR1zZc=
github.com/itchio/savior v0.0.0-20190925162935-b92976a0b402 h1:a51wRxkLoJWu5NqnVDkI6cE50S0mDpJfOXkCp4ltvr8=
github.com/itchio/savior v0.0.0-20190925162935-b92976a0b402/go.mod h1:e6yYz4mMvoOkoXEAanZ8NkSjwn9vjsgiBUGD14y++0o=
github.com/klauspost/compress v1.7.1 h1:VRD0WLa8rweLB7alA5WMSVkoAtrI8xou5RrNd4JUlR0=
github.com/klauspost/compress v1.7.1/go.mod h1:RyIbtBH6LamlWaDj8nUwkbUhJ87Yi3uG0guNDohfE1A=
github.com/klauspost/cpuid v1.2.1 h1:vJi+O/nMdFt0vqm8NZBI6wzALWdA2X+egi0ogNyrC/w=
github.com/klauspost/cpuid v1.2.1/go.mod h1:Pj4uuM528wm8OyEC2QMXAi2YiTZ96dNQPGgoMS4s3ek=
github.com/oxtoacart/bpool v0.0.0-20190530202638-03653db5a59c h1:rp5dCmg/yLR3mgFuSOe4oEnDDmGLROTvMragMUXpTQw=
github.com/oxtoacart/bpool v0.0.0-20190530202638-03653db5a59c/go.mod h1:X07ZCGwUbLaax7L0S3Tw4hpejzu63ZrrQiUe6W0hcy0=
github.com/pkg/errors v0.8.1 h1:iURUrRGxPUNPdy5/HRSm+Yj6okJ6UtLINN0Q9M4+h3I=
github.com/pkg/errors v0.8.1/go.mod h1:bwawxfHBFNV+L2hUp1rHADufV3IMtnDRdf1r5NINEl0=
github.com/pmezard/go-difflib v1.0.0/go.mod h1:iKH77koFhYxTK1pcRnkKkqfTogsbg7gZNVY4sRDYZ/4=
github.com/saintfish/chardet v0.0.0-20120816061221-3af4cd4741ca/go.mod h1:uugorj2VCxiV1x+LzaIdVa9b4S4qGAcH6cbhh4qVxOU=
github.com/stretchr/objx v0.1.0/go.mod h1:HFkY916IF+rwdDfMAkV7OtwuqBVzrE8GR6GFx+wExME=
github.com/stretchr/objx v0.2.0/go.mod h1:qt09Ya8vawLte6SNmTgCsAVtYtaKzEcn8ATUoHMkEqE=
github.com/stretchr/testify v1.3.0/go.mod h1:M5WIy9Dh21IEIfnGCwXGc5bZfKNJtfHm1UVUgZn+9EI=
github.com/stretchr/testify v1.3.1-0.20190311161405-34c6fa2dc709/go.mod h1:M5WIy9Dh21IEIfnGCwXGc5bZfKNJtfHm1UVUgZn+9EI=
github.com/stretchr/testify v1.4.0/go.mod h1:j7eGeouHqKxXV5pUuKE4zz7dFj8WfuZ+81PSLYec5m4=
github.com/ulikunitz/xz v0.5.6/go.mod h1:2bypXElzHzzJZwzH67Y6wb67pO62Rzfn7BSiF4ABRW8=
golang.org/x/crypto v0.0.0-20190308221718-c2843e01d9a2/go.mod h1:djNgcEr1/C05ACkg1iLfiJU5Ep61QUkGW8qpdssI0+w=
golang.org/x/crypto v0.0.0-20190701094942-4def268fd1a4/go.mod h1:yigFU9vqHzYiE8UmvKecakEJjdnWj3jj499lnFckfCI=
golang.org/x/net v0.0.0-20190404232315-eb5bcb51f2a3/go.mod h1:t9HGtf8HONx5eT2rtn7q6eTqICYqUVnKs3thJo3Qplg=
golang.org/x/net v0.0.0-20190620200207-3b0461eec859/go.mod h1:z5CRVTTTmAJ677TzLLGU+0bjPO0LkuOLi4/5GtJWs/s=
golang.org/x/net v0.0.0-20190628185345-da137c7871d7 h1:rTIdg5QFRR7XCaK4LCjBiPbx8j4DQRpdYMnGn/bJUEU=
golang.org/x/net v0.0.0-20190628185345-da137c7871d7/go.mod h1:z5CRVTTTmAJ677TzLLGU+0bjPO0LkuOLi4/5GtJWs/s=
golang.org/x/sync v0.0.0-20190423024810-112230192c58/go.mod h1:RxMgew5VJxzue5/jJTE5uejpjVlOe/izrB70Jof72aM=
golang.org/x/sys v0.0.0-20190215142949-d0b11bdaac8a/go.mod h1:STP8DvDyc/dI5b8T5hshtkjS+E42TnysNCUPdjciGhY=
golang.org/x/sys v0.0.0-20190412213103-97732733099d/go.mod h1:h1NjWce9XRLGQEsW7wpKNCjG9DtNlClVuFLEZdDNbEs=
golang.org/x/sys v0.0.0-20190626221950-04f50cda93cb/go.mod h1:h1NjWce9XRLGQEsW7wpKNCjG9DtNlClVuFLEZdDNbEs=
golang.org/x/sys v0.0.0-20190924154521-2837fb4f24fe h1:6fAMxZRR6sl1Uq8U61gxU+kPTs2tR8uOySCbBP7BN/M=
golang.org/x/sys v0.0.0-20190924154521-2837fb4f24fe/go.mod h1:h1NjWce9XRLGQEsW7wpKNCjG9DtNlClVuFLEZdDNbEs=
golang.org/x/text v0.3.0/go.mod h1:NqM8EUOU14njkJ3fqMW+pc6Ldnwhi/IjpwHt7yyuwOQ=
golang.org/x/text v0.3.2 h1:tW2bmiBqwgJj/UpqtC8EpXEZVYOwU0yG4iWbprSVAcs=
golang.org/x/text v0.3.2/go.mod h1:bEr9sfX3Q8Zfm5fL9x+3itogRgK3+ptLWKqgva+5dAk=
golang.org/x/tools v0.0.0-20180917221912-90fa682c2a6e/go.mod h1:n7NCudcB/nEzxVGmLbDWY5pfWTLqBcC2KZ6jyYvM4mQ=
golang.org/x/tools v0.0.0-20190702152245-7e72c71c505f/go.mod h1:jcCCGcm9btYwXyDqrUWc6MKQKKGJCWEQ3AfLSRIbEuI=
gopkg.in/check.v1 v0.0.0-20161208181325-20d25e280405/go.mod h1:Co6ibVJAznAaIkqp8huTwlJQCZ016jof/cbN4VW5Yz0=
gopkg.in/yaml.v2 v2.2.2/go.mod h1:hI93XBmqTisBFMUTm0b8Fm+jr3Dg1NNxqwp+5A1VGuI=
